// !$*UTF8*$!
{
	archiveVersion = 1;
	classes = {
	};
	objectVersion = 48;
	objects = {

/* Begin PBXBuildFile section */
		180A7A502006F5F10002D2C8 /* AppDelegate.swift in Sources */ = {isa = PBXBuildFile; fileRef = 180A7A4F2006F5F10002D2C8 /* AppDelegate.swift */; };
		180A7A522006F5F10002D2C8 /* ViewController.swift in Sources */ = {isa = PBXBuildFile; fileRef = 180A7A512006F5F10002D2C8 /* ViewController.swift */; };
		180A7A552006F5F10002D2C8 /* Main.storyboard in Resources */ = {isa = PBXBuildFile; fileRef = 180A7A532006F5F10002D2C8 /* Main.storyboard */; };
		180A7A572006F5F10002D2C8 /* Assets.xcassets in Resources */ = {isa = PBXBuildFile; fileRef = 180A7A562006F5F10002D2C8 /* Assets.xcassets */; };
		180A7A5A2006F5F10002D2C8 /* LaunchScreen.storyboard in Resources */ = {isa = PBXBuildFile; fileRef = 180A7A582006F5F10002D2C8 /* LaunchScreen.storyboard */; };
		180A7A622006FA050002D2C8 /* MoreTabTableViewController.swift in Sources */ = {isa = PBXBuildFile; fileRef = 180A7A612006FA050002D2C8 /* MoreTabTableViewController.swift */; };
		D35DA6C22008853F00CD7144 /* MoreTabTableViewCell.swift in Sources */ = {isa = PBXBuildFile; fileRef = D35DA6C12008853F00CD7144 /* MoreTabTableViewCell.swift */; };
/* End PBXBuildFile section */

/* Begin PBXFileReference section */
		180A7A4C2006F5F10002D2C8 /* Bowling.app */ = {isa = PBXFileReference; explicitFileType = wrapper.application; includeInIndex = 0; path = Bowling.app; sourceTree = BUILT_PRODUCTS_DIR; };
		180A7A4F2006F5F10002D2C8 /* AppDelegate.swift */ = {isa = PBXFileReference; lastKnownFileType = sourcecode.swift; path = AppDelegate.swift; sourceTree = "<group>"; };
		180A7A512006F5F10002D2C8 /* ViewController.swift */ = {isa = PBXFileReference; lastKnownFileType = sourcecode.swift; path = ViewController.swift; sourceTree = "<group>"; };
		180A7A542006F5F10002D2C8 /* Base */ = {isa = PBXFileReference; lastKnownFileType = file.storyboard; name = Base; path = Base.lproj/Main.storyboard; sourceTree = "<group>"; };
		180A7A562006F5F10002D2C8 /* Assets.xcassets */ = {isa = PBXFileReference; lastKnownFileType = folder.assetcatalog; path = Assets.xcassets; sourceTree = "<group>"; };
		180A7A592006F5F10002D2C8 /* Base */ = {isa = PBXFileReference; lastKnownFileType = file.storyboard; name = Base; path = Base.lproj/LaunchScreen.storyboard; sourceTree = "<group>"; };
		180A7A5B2006F5F10002D2C8 /* Info.plist */ = {isa = PBXFileReference; lastKnownFileType = text.plist.xml; path = Info.plist; sourceTree = "<group>"; };
		180A7A612006FA050002D2C8 /* MoreTabTableViewController.swift */ = {isa = PBXFileReference; lastKnownFileType = sourcecode.swift; path = MoreTabTableViewController.swift; sourceTree = "<group>"; };
		D35DA6C12008853F00CD7144 /* MoreTabTableViewCell.swift */ = {isa = PBXFileReference; lastKnownFileType = sourcecode.swift; path = MoreTabTableViewCell.swift; sourceTree = "<group>"; };
/* End PBXFileReference section */

/* Begin PBXFrameworksBuildPhase section */
		180A7A492006F5F10002D2C8 /* Frameworks */ = {
			isa = PBXFrameworksBuildPhase;
			buildActionMask = 2147483647;
			files = (
			);
			runOnlyForDeploymentPostprocessing = 0;
		};
/* End PBXFrameworksBuildPhase section */

/* Begin PBXGroup section */
		180A7A432006F5F10002D2C8 = {
			isa = PBXGroup;
			children = (
				180A7A4E2006F5F10002D2C8 /* Bowling */,
				180A7A4D2006F5F10002D2C8 /* Products */,
			);
			sourceTree = "<group>";
		};
		180A7A4D2006F5F10002D2C8 /* Products */ = {
			isa = PBXGroup;
			children = (
				180A7A4C2006F5F10002D2C8 /* Bowling.app */,
			);
			name = Products;
			sourceTree = "<group>";
		};
		180A7A4E2006F5F10002D2C8 /* Bowling */ = {
			isa = PBXGroup;
			children = (
				180A7A612006FA050002D2C8 /* MoreTabTableViewController.swift */,
				D35DA6C12008853F00CD7144 /* MoreTabTableViewCell.swift */,
				180A7A4F2006F5F10002D2C8 /* AppDelegate.swift */,
				180A7A512006F5F10002D2C8 /* ViewController.swift */,
				180A7A532006F5F10002D2C8 /* Main.storyboard */,
				180A7A562006F5F10002D2C8 /* Assets.xcassets */,
				180A7A582006F5F10002D2C8 /* LaunchScreen.storyboard */,
				180A7A5B2006F5F10002D2C8 /* Info.plist */,
			);
			path = Bowling;
			sourceTree = "<group>";
		};
/* End PBXGroup section */

/* Begin PBXNativeTarget section */
		180A7A4B2006F5F10002D2C8 /* Bowling */ = {
			isa = PBXNativeTarget;
			buildConfigurationList = 180A7A5E2006F5F10002D2C8 /* Build configuration list for PBXNativeTarget "Bowling" */;
			buildPhases = (
				180A7A482006F5F10002D2C8 /* Sources */,
				180A7A492006F5F10002D2C8 /* Frameworks */,
				180A7A4A2006F5F10002D2C8 /* Resources */,
			);
			buildRules = (
			);
			dependencies = (
			);
			name = Bowling;
			productName = Bowling;
			productReference = 180A7A4C2006F5F10002D2C8 /* Bowling.app */;
			productType = "com.apple.product-type.application";
		};
/* End PBXNativeTarget section */

/* Begin PBXProject section */
		180A7A442006F5F10002D2C8 /* Project object */ = {
			isa = PBXProject;
			attributes = {
				LastSwiftUpdateCheck = 0920;
				LastUpgradeCheck = 0920;
				ORGANIZATIONNAME = Apple;
				TargetAttributes = {
					180A7A4B2006F5F10002D2C8 = {
						CreatedOnToolsVersion = 9.2;
						ProvisioningStyle = Automatic;
					};
				};
			};
			buildConfigurationList = 180A7A472006F5F10002D2C8 /* Build configuration list for PBXProject "Bowling" */;
			compatibilityVersion = "Xcode 8.0";
			developmentRegion = en;
			hasScannedForEncodings = 0;
			knownRegions = (
				en,
				Base,
			);
			mainGroup = 180A7A432006F5F10002D2C8;
			productRefGroup = 180A7A4D2006F5F10002D2C8 /* Products */;
			projectDirPath = "";
			projectRoot = "";
			targets = (
				180A7A4B2006F5F10002D2C8 /* Bowling */,
			);
		};
/* End PBXProject section */

/* Begin PBXResourcesBuildPhase section */
		180A7A4A2006F5F10002D2C8 /* Resources */ = {
			isa = PBXResourcesBuildPhase;
			buildActionMask = 2147483647;
			files = (
				180A7A5A2006F5F10002D2C8 /* LaunchScreen.storyboard in Resources */,
				180A7A572006F5F10002D2C8 /* Assets.xcassets in Resources */,
				180A7A552006F5F10002D2C8 /* Main.storyboard in Resources */,
			);
			runOnlyForDeploymentPostprocessing = 0;
		};
/* End PBXResourcesBuildPhase section */

/* Begin PBXSourcesBuildPhase section */
		180A7A482006F5F10002D2C8 /* Sources */ = {
			isa = PBXSourcesBuildPhase;
			buildActionMask = 2147483647;
			files = (
				180A7A622006FA050002D2C8 /* MoreTabTableViewController.swift in Sources */,
				180A7A522006F5F10002D2C8 /* ViewController.swift in Sources */,
				D35DA6C22008853F00CD7144 /* MoreTabTableViewCell.swift in Sources */,
				180A7A502006F5F10002D2C8 /* AppDelegate.swift in Sources */,
			);
			runOnlyForDeploymentPostprocessing = 0;
		};
/* End PBXSourcesBuildPhase section */

/* Begin PBXVariantGroup section */
		180A7A532006F5F10002D2C8 /* Main.storyboard */ = {
			isa = PBXVariantGroup;
			children = (
				180A7A542006F5F10002D2C8 /* Base */,
			);
			name = Main.storyboard;
			sourceTree = "<group>";
		};
		180A7A582006F5F10002D2C8 /* LaunchScreen.storyboard */ = {
			isa = PBXVariantGroup;
			children = (
				180A7A592006F5F10002D2C8 /* Base */,
			);
			name = LaunchScreen.storyboard;
			sourceTree = "<group>";
		};
/* End PBXVariantGroup section */

/* Begin XCBuildConfiguration section */
		180A7A5C2006F5F10002D2C8 /* Debug */ = {
			isa = XCBuildConfiguration;
			buildSettings = {
				ALWAYS_SEARCH_USER_PATHS = NO;
				CLANG_ANALYZER_NONNULL = YES;
				CLANG_ANALYZER_NUMBER_OBJECT_CONVERSION = YES_AGGRESSIVE;
				CLANG_CXX_LANGUAGE_STANDARD = "gnu++14";
				CLANG_CXX_LIBRARY = "libc++";
				CLANG_ENABLE_MODULES = YES;
				CLANG_ENABLE_OBJC_ARC = YES;
				CLANG_WARN_BLOCK_CAPTURE_AUTORELEASING = YES;
				CLANG_WARN_BOOL_CONVERSION = YES;
				CLANG_WARN_COMMA = YES;
				CLANG_WARN_CONSTANT_CONVERSION = YES;
				CLANG_WARN_DIRECT_OBJC_ISA_USAGE = YES_ERROR;
				CLANG_WARN_DOCUMENTATION_COMMENTS = YES;
				CLANG_WARN_EMPTY_BODY = YES;
				CLANG_WARN_ENUM_CONVERSION = YES;
				CLANG_WARN_INFINITE_RECURSION = YES;
				CLANG_WARN_INT_CONVERSION = YES;
				CLANG_WARN_NON_LITERAL_NULL_CONVERSION = YES;
				CLANG_WARN_OBJC_LITERAL_CONVERSION = YES;
				CLANG_WARN_OBJC_ROOT_CLASS = YES_ERROR;
				CLANG_WARN_RANGE_LOOP_ANALYSIS = YES;
				CLANG_WARN_STRICT_PROTOTYPES = YES;
				CLANG_WARN_SUSPICIOUS_MOVE = YES;
				CLANG_WARN_UNGUARDED_AVAILABILITY = YES_AGGRESSIVE;
				CLANG_WARN_UNREACHABLE_CODE = YES;
				CLANG_WARN__DUPLICATE_METHOD_MATCH = YES;
				CODE_SIGN_IDENTITY = "iPhone Developer";
				COPY_PHASE_STRIP = NO;
				DEBUG_INFORMATION_FORMAT = dwarf;
				ENABLE_STRICT_OBJC_MSGSEND = YES;
				ENABLE_TESTABILITY = YES;
				GCC_C_LANGUAGE_STANDARD = gnu11;
				GCC_DYNAMIC_NO_PIC = NO;
				GCC_NO_COMMON_BLOCKS = YES;
				GCC_OPTIMIZATION_LEVEL = 0;
				GCC_PREPROCESSOR_DEFINITIONS = (
					"DEBUG=1",
					"$(inherited)",
				);
				GCC_WARN_64_TO_32_BIT_CONVERSION = YES;
				GCC_WARN_ABOUT_RETURN_TYPE = YES_ERROR;
				GCC_WARN_UNDECLARED_SELECTOR = YES;
				GCC_WARN_UNINITIALIZED_AUTOS = YES_AGGRESSIVE;
				GCC_WARN_UNUSED_FUNCTION = YES;
				GCC_WARN_UNUSED_VARIABLE = YES;
				IPHONEOS_DEPLOYMENT_TARGET = 11.2;
				MTL_ENABLE_DEBUG_INFO = YES;
				ONLY_ACTIVE_ARCH = YES;
				SDKROOT = iphoneos;
				SWIFT_ACTIVE_COMPILATION_CONDITIONS = DEBUG;
				SWIFT_OPTIMIZATION_LEVEL = "-Onone";
			};
			name = Debug;
		};
		180A7A5D2006F5F10002D2C8 /* Release */ = {
			isa = XCBuildConfiguration;
			buildSettings = {
				ALWAYS_SEARCH_USER_PATHS = NO;
				CLANG_ANALYZER_NONNULL = YES;
				CLANG_ANALYZER_NUMBER_OBJECT_CONVERSION = YES_AGGRESSIVE;
				CLANG_CXX_LANGUAGE_STANDARD = "gnu++14";
				CLANG_CXX_LIBRARY = "libc++";
				CLANG_ENABLE_MODULES = YES;
				CLANG_ENABLE_OBJC_ARC = YES;
				CLANG_WARN_BLOCK_CAPTURE_AUTORELEASING = YES;
				CLANG_WARN_BOOL_CONVERSION = YES;
				CLANG_WARN_COMMA = YES;
				CLANG_WARN_CONSTANT_CONVERSION = YES;
				CLANG_WARN_DIRECT_OBJC_ISA_USAGE = YES_ERROR;
				CLANG_WARN_DOCUMENTATION_COMMENTS = YES;
				CLANG_WARN_EMPTY_BODY = YES;
				CLANG_WARN_ENUM_CONVERSION = YES;
				CLANG_WARN_INFINITE_RECURSION = YES;
				CLANG_WARN_INT_CONVERSION = YES;
				CLANG_WARN_NON_LITERAL_NULL_CONVERSION = YES;
				CLANG_WARN_OBJC_LITERAL_CONVERSION = YES;
				CLANG_WARN_OBJC_ROOT_CLASS = YES_ERROR;
				CLANG_WARN_RANGE_LOOP_ANALYSIS = YES;
				CLANG_WARN_STRICT_PROTOTYPES = YES;
				CLANG_WARN_SUSPICIOUS_MOVE = YES;
				CLANG_WARN_UNGUARDED_AVAILABILITY = YES_AGGRESSIVE;
				CLANG_WARN_UNREACHABLE_CODE = YES;
				CLANG_WARN__DUPLICATE_METHOD_MATCH = YES;
				CODE_SIGN_IDENTITY = "iPhone Developer";
				COPY_PHASE_STRIP = NO;
				DEBUG_INFORMATION_FORMAT = "dwarf-with-dsym";
				ENABLE_NS_ASSERTIONS = NO;
				ENABLE_STRICT_OBJC_MSGSEND = YES;
				GCC_C_LANGUAGE_STANDARD = gnu11;
				GCC_NO_COMMON_BLOCKS = YES;
				GCC_WARN_64_TO_32_BIT_CONVERSION = YES;
				GCC_WARN_ABOUT_RETURN_TYPE = YES_ERROR;
				GCC_WARN_UNDECLARED_SELECTOR = YES;
				GCC_WARN_UNINITIALIZED_AUTOS = YES_AGGRESSIVE;
				GCC_WARN_UNUSED_FUNCTION = YES;
				GCC_WARN_UNUSED_VARIABLE = YES;
				IPHONEOS_DEPLOYMENT_TARGET = 11.2;
				MTL_ENABLE_DEBUG_INFO = NO;
				SDKROOT = iphoneos;
				SWIFT_OPTIMIZATION_LEVEL = "-Owholemodule";
				VALIDATE_PRODUCT = YES;
			};
			name = Release;
		};
		180A7A5F2006F5F10002D2C8 /* Debug */ = {
			isa = XCBuildConfiguration;
			buildSettings = {
				ASSETCATALOG_COMPILER_APPICON_NAME = AppIcon;
				CODE_SIGN_STYLE = Automatic;
				INFOPLIST_FILE = Bowling/Info.plist;
				LD_RUNPATH_SEARCH_PATHS = "$(inherited) @executable_path/Frameworks";
				PRODUCT_BUNDLE_IDENTIFIER = kr.ac.swu.Bowling;
				PRODUCT_NAME = "$(TARGET_NAME)";
				SWIFT_VERSION = 4.0;
				TARGETED_DEVICE_FAMILY = "1,2";
			};
			name = Debug;
		};
		180A7A602006F5F10002D2C8 /* Release */ = {
			isa = XCBuildConfiguration;
			buildSettings = {
				ASSETCATALOG_COMPILER_APPICON_NAME = AppIcon;
				CODE_SIGN_STYLE = Automatic;
				INFOPLIST_FILE = Bowling/Info.plist;
				LD_RUNPATH_SEARCH_PATHS = "$(inherited) @executable_path/Frameworks";
				PRODUCT_BUNDLE_IDENTIFIER = kr.ac.swu.Bowling;
				PRODUCT_NAME = "$(TARGET_NAME)";
				SWIFT_VERSION = 4.0;
				TARGETED_DEVICE_FAMILY = "1,2";
			};
			name = Release;
		};
/* End XCBuildConfiguration section */

/* Begin XCConfigurationList section */
		180A7A472006F5F10002D2C8 /* Build configuration list for PBXProject "Bowling" */ = {
			isa = XCConfigurationList;
			buildConfigurations = (
				180A7A5C2006F5F10002D2C8 /* Debug */,
				180A7A5D2006F5F10002D2C8 /* Release */,
			);
			defaultConfigurationIsVisible = 0;
			defaultConfigurationName = Release;
		};
		180A7A5E2006F5F10002D2C8 /* Build configuration list for PBXNativeTarget "Bowling" */ = {
			isa = XCConfigurationList;
			buildConfigurations = (
				180A7A5F2006F5F10002D2C8 /* Debug */,
				180A7A602006F5F10002D2C8 /* Release */,
			);
			defaultConfigurationIsVisible = 0;
			defaultConfigurationName = Release;
		};
/* End XCConfigurationList section */
	};
	rootObject = 180A7A442006F5F10002D2C8 /* Project object */;
}
